// !$*UTF8*$!
{
	archiveVersion = 1;
	classes = {
	};
	objectVersion = 77;
	objects = {

/* Begin PBXBuildFile section */
		CE33EF4B2D0C824E00E9C53D /* NewScrumSheet.swift in Sources */ = {isa = PBXBuildFile; fileRef = CE33EF4A2D0C824E00E9C53D /* NewScrumSheet.swift */; };
		CE33EF4D2D0C8C3E00E9C53D /* History.swift in Sources */ = {isa = PBXBuildFile; fileRef = CE33EF4C2D0C8C3E00E9C53D /* History.swift */; };
		CE33EF522D0CB5BB00E9C53D /* AVPlayer+Extensions.swift in Sources */ = {isa = PBXBuildFile; fileRef = CE33EF512D0CB5BB00E9C53D /* AVPlayer+Extensions.swift */; };
		CE4C1B892D04E840007AE0C6 /* DetailEditView.swift in Sources */ = {isa = PBXBuildFile; fileRef = CE4C1B882D04E840007AE0C6 /* DetailEditView.swift */; };
		CE4C1B8C2D062529007AE0C6 /* ThemeView.swift in Sources */ = {isa = PBXBuildFile; fileRef = CE4C1B8B2D062529007AE0C6 /* ThemeView.swift */; };
		CE4C1B8E2D062771007AE0C6 /* ThemePicker.swift in Sources */ = {isa = PBXBuildFile; fileRef = CE4C1B8D2D062771007AE0C6 /* ThemePicker.swift */; };
		CE641D4D2CFE32A000BA2CC1 /* Assets.xcassets in Resources */ = {isa = PBXBuildFile; fileRef = CE641D482CFE32A000BA2CC1 /* Assets.xcassets */; };
		CE641D4E2CFE32A000BA2CC1 /* MeetingView.swift in Sources */ = {isa = PBXBuildFile; fileRef = CE641D492CFE32A000BA2CC1 /* MeetingView.swift */; };
		CE641D4F2CFE32A000BA2CC1 /* ScrumdingerApp.swift in Sources */ = {isa = PBXBuildFile; fileRef = CE641D4A2CFE32A000BA2CC1 /* ScrumdingerApp.swift */; };
		CE641D522CFE32D600BA2CC1 /* Theme.swift in Sources */ = {isa = PBXBuildFile; fileRef = CE641D512CFE32D600BA2CC1 /* Theme.swift */; };
		CE641D542CFE352900BA2CC1 /* DailyScrum.swift in Sources */ = {isa = PBXBuildFile; fileRef = CE641D532CFE352900BA2CC1 /* DailyScrum.swift */; };
		CE641D562CFE36F800BA2CC1 /* CardView.swift in Sources */ = {isa = PBXBuildFile; fileRef = CE641D552CFE36F800BA2CC1 /* CardView.swift */; };
		CE641D582CFE41FE00BA2CC1 /* TrailingIconLabelStyle.swift in Sources */ = {isa = PBXBuildFile; fileRef = CE641D572CFE41FE00BA2CC1 /* TrailingIconLabelStyle.swift */; };
		CE641D5A2CFE4A8400BA2CC1 /* ScrumsView.swift in Sources */ = {isa = PBXBuildFile; fileRef = CE641D592CFE4A8400BA2CC1 /* ScrumsView.swift */; };
		CE641D602CFE59E400BA2CC1 /* DetailView.swift in Sources */ = {isa = PBXBuildFile; fileRef = CE641D5F2CFE59E400BA2CC1 /* DetailView.swift */; };
		CEBD424E2D08DFB900B30825 /* MeetingHeaderView.swift in Sources */ = {isa = PBXBuildFile; fileRef = CEBD424D2D08DFB900B30825 /* MeetingHeaderView.swift */; };
		CEBD42502D08E5BA00B30825 /* ScrumProgressViewStyle.swift in Sources */ = {isa = PBXBuildFile; fileRef = CEBD424F2D08E5BA00B30825 /* ScrumProgressViewStyle.swift */; };
		CEBD42542D08E81F00B30825 /* ScrumTimer.swift in Sources */ = {isa = PBXBuildFile; fileRef = CEBD42532D08E81F00B30825 /* ScrumTimer.swift */; };
		CEBD42572D08E8F100B30825 /* ding.wav in Resources */ = {isa = PBXBuildFile; fileRef = CEBD42552D08E8F100B30825 /* ding.wav */; };
		CEBD42592D08EEF700B30825 /* MeetingFooterView.swift in Sources */ = {isa = PBXBuildFile; fileRef = CEBD42582D08EEF700B30825 /* MeetingFooterView.swift */; };
/* End PBXBuildFile section */

/* Begin PBXFileReference section */
		CE0D52A02CDB3CA6005034F8 /* Scrumdinger.app */ = {isa = PBXFileReference; explicitFileType = wrapper.application; includeInIndex = 0; path = Scrumdinger.app; sourceTree = BUILT_PRODUCTS_DIR; };
		CE33EF4A2D0C824E00E9C53D /* NewScrumSheet.swift */ = {isa = PBXFileReference; lastKnownFileType = sourcecode.swift; path = NewScrumSheet.swift; sourceTree = "<group>"; };
		CE33EF4C2D0C8C3E00E9C53D /* History.swift */ = {isa = PBXFileReference; lastKnownFileType = sourcecode.swift; path = History.swift; sourceTree = "<group>"; };
		CE33EF512D0CB5BB00E9C53D /* AVPlayer+Extensions.swift */ = {isa = PBXFileReference; lastKnownFileType = sourcecode.swift; path = "AVPlayer+Extensions.swift"; sourceTree = "<group>"; };
		CE4C1B882D04E840007AE0C6 /* DetailEditView.swift */ = {isa = PBXFileReference; lastKnownFileType = sourcecode.swift; path = DetailEditView.swift; sourceTree = "<group>"; };
		CE4C1B8B2D062529007AE0C6 /* ThemeView.swift */ = {isa = PBXFileReference; lastKnownFileType = sourcecode.swift; path = ThemeView.swift; sourceTree = "<group>"; };
		CE4C1B8D2D062771007AE0C6 /* ThemePicker.swift */ = {isa = PBXFileReference; lastKnownFileType = sourcecode.swift; path = ThemePicker.swift; sourceTree = "<group>"; };
		CE641D482CFE32A000BA2CC1 /* Assets.xcassets */ = {isa = PBXFileReference; lastKnownFileType = folder.assetcatalog; path = Assets.xcassets; sourceTree = "<group>"; };
		CE641D492CFE32A000BA2CC1 /* MeetingView.swift */ = {isa = PBXFileReference; lastKnownFileType = sourcecode.swift; path = MeetingView.swift; sourceTree = "<group>"; };
		CE641D4A2CFE32A000BA2CC1 /* ScrumdingerApp.swift */ = {isa = PBXFileReference; lastKnownFileType = sourcecode.swift; path = ScrumdingerApp.swift; sourceTree = "<group>"; };
		CE641D512CFE32D600BA2CC1 /* Theme.swift */ = {isa = PBXFileReference; lastKnownFileType = sourcecode.swift; path = Theme.swift; sourceTree = "<group>"; };
		CE641D532CFE352900BA2CC1 /* DailyScrum.swift */ = {isa = PBXFileReference; lastKnownFileType = sourcecode.swift; path = DailyScrum.swift; sourceTree = "<group>"; };
		CE641D552CFE36F800BA2CC1 /* CardView.swift */ = {isa = PBXFileReference; lastKnownFileType = sourcecode.swift; path = CardView.swift; sourceTree = "<group>"; };
		CE641D572CFE41FE00BA2CC1 /* TrailingIconLabelStyle.swift */ = {isa = PBXFileReference; lastKnownFileType = sourcecode.swift; path = TrailingIconLabelStyle.swift; sourceTree = "<group>"; };
		CE641D592CFE4A8400BA2CC1 /* ScrumsView.swift */ = {isa = PBXFileReference; lastKnownFileType = sourcecode.swift; path = ScrumsView.swift; sourceTree = "<group>"; };
		CE641D5F2CFE59E400BA2CC1 /* DetailView.swift */ = {isa = PBXFileReference; lastKnownFileType = sourcecode.swift; path = DetailView.swift; sourceTree = "<group>"; };
		CEBD424D2D08DFB900B30825 /* MeetingHeaderView.swift */ = {isa = PBXFileReference; lastKnownFileType = sourcecode.swift; path = MeetingHeaderView.swift; sourceTree = "<group>"; };
		CEBD424F2D08E5BA00B30825 /* ScrumProgressViewStyle.swift */ = {isa = PBXFileReference; lastKnownFileType = sourcecode.swift; path = ScrumProgressViewStyle.swift; sourceTree = "<group>"; };
		CEBD42532D08E81F00B30825 /* ScrumTimer.swift */ = {isa = PBXFileReference; lastKnownFileType = sourcecode.swift; path = ScrumTimer.swift; sourceTree = "<group>"; };
		CEBD42552D08E8F100B30825 /* ding.wav */ = {isa = PBXFileReference; lastKnownFileType = audio.wav; path = ding.wav; sourceTree = "<group>"; };
		CEBD42582D08EEF700B30825 /* MeetingFooterView.swift */ = {isa = PBXFileReference; lastKnownFileType = sourcecode.swift; path = MeetingFooterView.swift; sourceTree = "<group>"; };
/* End PBXFileReference section */

/* Begin PBXFrameworksBuildPhase section */
		CE0D529D2CDB3CA6005034F8 /* Frameworks */ = {
			isa = PBXFrameworksBuildPhase;
			buildActionMask = 2147483647;
			files = (
			);
			runOnlyForDeploymentPostprocessing = 0;
		};
/* End PBXFrameworksBuildPhase section */

/* Begin PBXGroup section */
		CE0D52972CDB3CA6005034F8 = {
			isa = PBXGroup;
			children = (
				CE641D4B2CFE32A000BA2CC1 /* Scrumdinger */,
				CE0D52A12CDB3CA6005034F8 /* Products */,
			);
			sourceTree = "<group>";
		};
		CE0D52A12CDB3CA6005034F8 /* Products */ = {
			isa = PBXGroup;
			children = (
				CE0D52A02CDB3CA6005034F8 /* Scrumdinger.app */,
			);
			name = Products;
			sourceTree = "<group>";
		};
		CE33EF502D0CB58F00E9C53D /* Extensions */ = {
			isa = PBXGroup;
			children = (
				CE33EF512D0CB5BB00E9C53D /* AVPlayer+Extensions.swift */,
			);
			path = Extensions;
			sourceTree = "<group>";
		};
		CE4C1B8A2D062501007AE0C6 /* ThemePicker */ = {
			isa = PBXGroup;
			children = (
				CE4C1B8D2D062771007AE0C6 /* ThemePicker.swift */,
				CE4C1B8B2D062529007AE0C6 /* ThemeView.swift */,
			);
			path = ThemePicker;
			sourceTree = "<group>";
		};
		CE641D4B2CFE32A000BA2CC1 /* Scrumdinger */ = {
			isa = PBXGroup;
			children = (
				CE33EF502D0CB58F00E9C53D /* Extensions */,
				CEBD42522D08E80A00B30825 /* Utils */,
				CEBD42512D08E5E100B30825 /* Styles */,
				CE641D5B2CFE4C9700BA2CC1 /* Views */,
				CE641D502CFE32A800BA2CC1 /* Models */,
				CEBD42562D08E8F100B30825 /* Resources */,
			);
			path = Scrumdinger;
			sourceTree = "<group>";
		};
		CE641D502CFE32A800BA2CC1 /* Models */ = {
			isa = PBXGroup;
			children = (
				CE641D512CFE32D600BA2CC1 /* Theme.swift */,
				CE641D532CFE352900BA2CC1 /* DailyScrum.swift */,
				CE33EF4C2D0C8C3E00E9C53D /* History.swift */,
			);
			path = Models;
			sourceTree = "<group>";
		};
		CE641D5B2CFE4C9700BA2CC1 /* Views */ = {
			isa = PBXGroup;
			children = (
				CE641D4A2CFE32A000BA2CC1 /* ScrumdingerApp.swift */,
				CE4C1B8A2D062501007AE0C6 /* ThemePicker */,
				CE641D5E2CFE59C200BA2CC1 /* DetailView */,
				CE641D5D2CFE4CD100BA2CC1 /* ScrumsView */,
				CE641D5C2CFE4CB800BA2CC1 /* MeetingView */,
			);
			path = Views;
			sourceTree = "<group>";
		};
		CE641D5C2CFE4CB800BA2CC1 /* MeetingView */ = {
			isa = PBXGroup;
			children = (
				CEBD42582D08EEF700B30825 /* MeetingFooterView.swift */,
				CE641D492CFE32A000BA2CC1 /* MeetingView.swift */,
				CEBD424D2D08DFB900B30825 /* MeetingHeaderView.swift */,
			);
			path = MeetingView;
			sourceTree = "<group>";
		};
		CE641D5D2CFE4CD100BA2CC1 /* ScrumsView */ = {
			isa = PBXGroup;
			children = (
				CE641D592CFE4A8400BA2CC1 /* ScrumsView.swift */,
				CE33EF4A2D0C824E00E9C53D /* NewScrumSheet.swift */,
				CE641D552CFE36F800BA2CC1 /* CardView.swift */,
			);
			path = ScrumsView;
			sourceTree = "<group>";
		};
		CE641D5E2CFE59C200BA2CC1 /* DetailView */ = {
			isa = PBXGroup;
			children = (
				CE641D5F2CFE59E400BA2CC1 /* DetailView.swift */,
				CE4C1B882D04E840007AE0C6 /* DetailEditView.swift */,
			);
			path = DetailView;
			sourceTree = "<group>";
		};
		CEBD42512D08E5E100B30825 /* Styles */ = {
			isa = PBXGroup;
			children = (
				CE641D572CFE41FE00BA2CC1 /* TrailingIconLabelStyle.swift */,
				CEBD424F2D08E5BA00B30825 /* ScrumProgressViewStyle.swift */,
			);
			path = Styles;
			sourceTree = "<group>";
		};
		CEBD42522D08E80A00B30825 /* Utils */ = {
			isa = PBXGroup;
			children = (
				CEBD42532D08E81F00B30825 /* ScrumTimer.swift */,
			);
			path = Utils;
			sourceTree = "<group>";
		};
		CEBD42562D08E8F100B30825 /* Resources */ = {
			isa = PBXGroup;
			children = (
				CEBD42552D08E8F100B30825 /* ding.wav */,
				CE641D482CFE32A000BA2CC1 /* Assets.xcassets */,
			);
			path = Resources;
			sourceTree = "<group>";
		};
/* End PBXGroup section */

/* Begin PBXNativeTarget section */
		CE0D529F2CDB3CA6005034F8 /* Scrumdinger */ = {
			isa = PBXNativeTarget;
			buildConfigurationList = CE0D52AE2CDB3CA8005034F8 /* Build configuration list for PBXNativeTarget "Scrumdinger" */;
			buildPhases = (
				CE0D529C2CDB3CA6005034F8 /* Sources */,
				CE0D529D2CDB3CA6005034F8 /* Frameworks */,
				CE0D529E2CDB3CA6005034F8 /* Resources */,
			);
			buildRules = (
			);
			dependencies = (
			);
			name = Scrumdinger;
			packageProductDependencies = (
			);
			productName = Scrumdinger;
			productReference = CE0D52A02CDB3CA6005034F8 /* Scrumdinger.app */;
			productType = "com.apple.product-type.application";
		};
/* End PBXNativeTarget section */

/* Begin PBXProject section */
		CE0D52982CDB3CA6005034F8 /* Project object */ = {
			isa = PBXProject;
			attributes = {
				BuildIndependentTargetsInParallel = 1;
				LastSwiftUpdateCheck = 1600;
				LastUpgradeCheck = 1600;
				TargetAttributes = {
					CE0D529F2CDB3CA6005034F8 = {
						CreatedOnToolsVersion = 16.0;
					};
				};
			};
			buildConfigurationList = CE0D529B2CDB3CA6005034F8 /* Build configuration list for PBXProject "Scrumdinger" */;
			developmentRegion = en;
			hasScannedForEncodings = 0;
			knownRegions = (
				en,
				Base,
			);
			mainGroup = CE0D52972CDB3CA6005034F8;
			minimizedProjectReferenceProxies = 1;
			preferredProjectObjectVersion = 77;
			productRefGroup = CE0D52A12CDB3CA6005034F8 /* Products */;
			projectDirPath = "";
			projectRoot = "";
			targets = (
				CE0D529F2CDB3CA6005034F8 /* Scrumdinger */,
			);
		};
/* End PBXProject section */

/* Begin PBXResourcesBuildPhase section */
		CE0D529E2CDB3CA6005034F8 /* Resources */ = {
			isa = PBXResourcesBuildPhase;
			buildActionMask = 2147483647;
			files = (
				CEBD42572D08E8F100B30825 /* ding.wav in Resources */,
				CE641D4D2CFE32A000BA2CC1 /* Assets.xcassets in Resources */,
			);
			runOnlyForDeploymentPostprocessing = 0;
		};
/* End PBXResourcesBuildPhase section */

/* Begin PBXSourcesBuildPhase section */
		CE0D529C2CDB3CA6005034F8 /* Sources */ = {
			isa = PBXSourcesBuildPhase;
			buildActionMask = 2147483647;
			files = (
				CE33EF4D2D0C8C3E00E9C53D /* History.swift in Sources */,
				CE4C1B8E2D062771007AE0C6 /* ThemePicker.swift in Sources */,
				CEBD42502D08E5BA00B30825 /* ScrumProgressViewStyle.swift in Sources */,
				CE33EF522D0CB5BB00E9C53D /* AVPlayer+Extensions.swift in Sources */,
				CEBD42592D08EEF700B30825 /* MeetingFooterView.swift in Sources */,
				CEBD42542D08E81F00B30825 /* ScrumTimer.swift in Sources */,
				CE641D542CFE352900BA2CC1 /* DailyScrum.swift in Sources */,
				CE641D602CFE59E400BA2CC1 /* DetailView.swift in Sources */,
				CEBD424E2D08DFB900B30825 /* MeetingHeaderView.swift in Sources */,
				CE4C1B892D04E840007AE0C6 /* DetailEditView.swift in Sources */,
				CE641D522CFE32D600BA2CC1 /* Theme.swift in Sources */,
				CE641D4E2CFE32A000BA2CC1 /* MeetingView.swift in Sources */,
				CE641D5A2CFE4A8400BA2CC1 /* ScrumsView.swift in Sources */,
				CE33EF4B2D0C824E00E9C53D /* NewScrumSheet.swift in Sources */,
				CE641D4F2CFE32A000BA2CC1 /* ScrumdingerApp.swift in Sources */,
				CE641D562CFE36F800BA2CC1 /* CardView.swift in Sources */,
				CE4C1B8C2D062529007AE0C6 /* ThemeView.swift in Sources */,
				CE641D582CFE41FE00BA2CC1 /* TrailingIconLabelStyle.swift in Sources */,
			);
			runOnlyForDeploymentPostprocessing = 0;
		};
/* End PBXSourcesBuildPhase section */

/* Begin XCBuildConfiguration section */
		CE0D52AC2CDB3CA8005034F8 /* Debug */ = {
			isa = XCBuildConfiguration;
			buildSettings = {
				ALWAYS_SEARCH_USER_PATHS = NO;
				ASSETCATALOG_COMPILER_GENERATE_SWIFT_ASSET_SYMBOL_EXTENSIONS = YES;
				CLANG_ANALYZER_NONNULL = YES;
				CLANG_ANALYZER_NUMBER_OBJECT_CONVERSION = YES_AGGRESSIVE;
				CLANG_CXX_LANGUAGE_STANDARD = "gnu++20";
				CLANG_ENABLE_MODULES = YES;
				CLANG_ENABLE_OBJC_ARC = YES;
				CLANG_ENABLE_OBJC_WEAK = YES;
				CLANG_WARN_BLOCK_CAPTURE_AUTORELEASING = YES;
				CLANG_WARN_BOOL_CONVERSION = YES;
				CLANG_WARN_COMMA = YES;
				CLANG_WARN_CONSTANT_CONVERSION = YES;
				CLANG_WARN_DEPRECATED_OBJC_IMPLEMENTATIONS = YES;
				CLANG_WARN_DIRECT_OBJC_ISA_USAGE = YES_ERROR;
				CLANG_WARN_DOCUMENTATION_COMMENTS = YES;
				CLANG_WARN_EMPTY_BODY = YES;
				CLANG_WARN_ENUM_CONVERSION = YES;
				CLANG_WARN_INFINITE_RECURSION = YES;
				CLANG_WARN_INT_CONVERSION = YES;
				CLANG_WARN_NON_LITERAL_NULL_CONVERSION = YES;
				CLANG_WARN_OBJC_IMPLICIT_RETAIN_SELF = YES;
				CLANG_WARN_OBJC_LITERAL_CONVERSION = YES;
				CLANG_WARN_OBJC_ROOT_CLASS = YES_ERROR;
				CLANG_WARN_QUOTED_INCLUDE_IN_FRAMEWORK_HEADER = YES;
				CLANG_WARN_RANGE_LOOP_ANALYSIS = YES;
				CLANG_WARN_STRICT_PROTOTYPES = YES;
				CLANG_WARN_SUSPICIOUS_MOVE = YES;
				CLANG_WARN_UNGUARDED_AVAILABILITY = YES_AGGRESSIVE;
				CLANG_WARN_UNREACHABLE_CODE = YES;
				CLANG_WARN__DUPLICATE_METHOD_MATCH = YES;
				COPY_PHASE_STRIP = NO;
				DEBUG_INFORMATION_FORMAT = dwarf;
				ENABLE_STRICT_OBJC_MSGSEND = YES;
				ENABLE_TESTABILITY = YES;
				ENABLE_USER_SCRIPT_SANDBOXING = YES;
				GCC_C_LANGUAGE_STANDARD = gnu17;
				GCC_DYNAMIC_NO_PIC = NO;
				GCC_NO_COMMON_BLOCKS = YES;
				GCC_OPTIMIZATION_LEVEL = 0;
				GCC_PREPROCESSOR_DEFINITIONS = (
					"DEBUG=1",
					"$(inherited)",
				);
				GCC_WARN_64_TO_32_BIT_CONVERSION = YES;
				GCC_WARN_ABOUT_RETURN_TYPE = YES_ERROR;
				GCC_WARN_UNDECLARED_SELECTOR = YES;
				GCC_WARN_UNINITIALIZED_AUTOS = YES_AGGRESSIVE;
				GCC_WARN_UNUSED_FUNCTION = YES;
				GCC_WARN_UNUSED_VARIABLE = YES;
				IPHONEOS_DEPLOYMENT_TARGET = 18.0;
				LOCALIZATION_PREFERS_STRING_CATALOGS = YES;
				MTL_ENABLE_DEBUG_INFO = INCLUDE_SOURCE;
				MTL_FAST_MATH = YES;
				ONLY_ACTIVE_ARCH = YES;
				SDKROOT = iphoneos;
				SWIFT_ACTIVE_COMPILATION_CONDITIONS = "DEBUG $(inherited)";
				SWIFT_OPTIMIZATION_LEVEL = "-Onone";
			};
			name = Debug;
		};
		CE0D52AD2CDB3CA8005034F8 /* Release */ = {
			isa = XCBuildConfiguration;
			buildSettings = {
				ALWAYS_SEARCH_USER_PATHS = NO;
				ASSETCATALOG_COMPILER_GENERATE_SWIFT_ASSET_SYMBOL_EXTENSIONS = YES;
				CLANG_ANALYZER_NONNULL = YES;
				CLANG_ANALYZER_NUMBER_OBJECT_CONVERSION = YES_AGGRESSIVE;
				CLANG_CXX_LANGUAGE_STANDARD = "gnu++20";
				CLANG_ENABLE_MODULES = YES;
				CLANG_ENABLE_OBJC_ARC = YES;
				CLANG_ENABLE_OBJC_WEAK = YES;
				CLANG_WARN_BLOCK_CAPTURE_AUTORELEASING = YES;
				CLANG_WARN_BOOL_CONVERSION = YES;
				CLANG_WARN_COMMA = YES;
				CLANG_WARN_CONSTANT_CONVERSION = YES;
				CLANG_WARN_DEPRECATED_OBJC_IMPLEMENTATIONS = YES;
				CLANG_WARN_DIRECT_OBJC_ISA_USAGE = YES_ERROR;
				CLANG_WARN_DOCUMENTATION_COMMENTS = YES;
				CLANG_WARN_EMPTY_BODY = YES;
				CLANG_WARN_ENUM_CONVERSION = YES;
				CLANG_WARN_INFINITE_RECURSION = YES;
				CLANG_WARN_INT_CONVERSION = YES;
				CLANG_WARN_NON_LITERAL_NULL_CONVERSION = YES;
				CLANG_WARN_OBJC_IMPLICIT_RETAIN_SELF = YES;
				CLANG_WARN_OBJC_LITERAL_CONVERSION = YES;
				CLANG_WARN_OBJC_ROOT_CLASS = YES_ERROR;
				CLANG_WARN_QUOTED_INCLUDE_IN_FRAMEWORK_HEADER = YES;
				CLANG_WARN_RANGE_LOOP_ANALYSIS = YES;
				CLANG_WARN_STRICT_PROTOTYPES = YES;
				CLANG_WARN_SUSPICIOUS_MOVE = YES;
				CLANG_WARN_UNGUARDED_AVAILABILITY = YES_AGGRESSIVE;
				CLANG_WARN_UNREACHABLE_CODE = YES;
				CLANG_WARN__DUPLICATE_METHOD_MATCH = YES;
				COPY_PHASE_STRIP = NO;
				DEBUG_INFORMATION_FORMAT = "dwarf-with-dsym";
				ENABLE_NS_ASSERTIONS = NO;
				ENABLE_STRICT_OBJC_MSGSEND = YES;
				ENABLE_USER_SCRIPT_SANDBOXING = YES;
				GCC_C_LANGUAGE_STANDARD = gnu17;
				GCC_NO_COMMON_BLOCKS = YES;
				GCC_WARN_64_TO_32_BIT_CONVERSION = YES;
				GCC_WARN_ABOUT_RETURN_TYPE = YES_ERROR;
				GCC_WARN_UNDECLARED_SELECTOR = YES;
				GCC_WARN_UNINITIALIZED_AUTOS = YES_AGGRESSIVE;
				GCC_WARN_UNUSED_FUNCTION = YES;
				GCC_WARN_UNUSED_VARIABLE = YES;
				IPHONEOS_DEPLOYMENT_TARGET = 18.0;
				LOCALIZATION_PREFERS_STRING_CATALOGS = YES;
				MTL_ENABLE_DEBUG_INFO = NO;
				MTL_FAST_MATH = YES;
				SDKROOT = iphoneos;
				SWIFT_COMPILATION_MODE = wholemodule;
				VALIDATE_PRODUCT = YES;
			};
			name = Release;
		};
		CE0D52AF2CDB3CA8005034F8 /* Debug */ = {
			isa = XCBuildConfiguration;
			buildSettings = {
				ASSETCATALOG_COMPILER_APPICON_NAME = AppIcon;
				ASSETCATALOG_COMPILER_GLOBAL_ACCENT_COLOR_NAME = AccentColor;
				CODE_SIGN_STYLE = Automatic;
				CURRENT_PROJECT_VERSION = 1;
				DEVELOPMENT_ASSET_PATHS = "";
				DEVELOPMENT_TEAM = 959584M69M;
				ENABLE_PREVIEWS = YES;
				GENERATE_INFOPLIST_FILE = YES;
				INFOPLIST_KEY_UIApplicationSceneManifest_Generation = YES;
				INFOPLIST_KEY_UIApplicationSupportsIndirectInputEvents = YES;
				INFOPLIST_KEY_UILaunchScreen_Generation = YES;
				INFOPLIST_KEY_UISupportedInterfaceOrientations_iPad = "UIInterfaceOrientationPortrait UIInterfaceOrientationPortraitUpsideDown UIInterfaceOrientationLandscapeLeft UIInterfaceOrientationLandscapeRight";
				INFOPLIST_KEY_UISupportedInterfaceOrientations_iPhone = "UIInterfaceOrientationPortrait UIInterfaceOrientationLandscapeLeft UIInterfaceOrientationLandscapeRight";
				LD_RUNPATH_SEARCH_PATHS = (
					"$(inherited)",
					"@executable_path/Frameworks",
				);
				MARKETING_VERSION = 1.0;
				PRODUCT_BUNDLE_IDENTIFIER = ivanmagda.Scrumdinger;
				PRODUCT_NAME = "$(TARGET_NAME)";
				SWIFT_EMIT_LOC_STRINGS = YES;
				SWIFT_VERSION = 5.0;
				TARGETED_DEVICE_FAMILY = "1,2";
			};
			name = Debug;
		};
		CE0D52B02CDB3CA8005034F8 /* Release */ = {
			isa = XCBuildConfiguration;
			buildSettings = {
				ASSETCATALOG_COMPILER_APPICON_NAME = AppIcon;
				ASSETCATALOG_COMPILER_GLOBAL_ACCENT_COLOR_NAME = AccentColor;
				CODE_SIGN_STYLE = Automatic;
				CURRENT_PROJECT_VERSION = 1;
				DEVELOPMENT_ASSET_PATHS = "";
				DEVELOPMENT_TEAM = 959584M69M;
				ENABLE_PREVIEWS = YES;
				GENERATE_INFOPLIST_FILE = YES;
				INFOPLIST_KEY_UIApplicationSceneManifest_Generation = YES;
				INFOPLIST_KEY_UIApplicationSupportsIndirectInputEvents = YES;
				INFOPLIST_KEY_UILaunchScreen_Generation = YES;
				INFOPLIST_KEY_UISupportedInterfaceOrientations_iPad = "UIInterfaceOrientationPortrait UIInterfaceOrientationPortraitUpsideDown UIInterfaceOrientationLandscapeLeft UIInterfaceOrientationLandscapeRight";
				INFOPLIST_KEY_UISupportedInterfaceOrientations_iPhone = "UIInterfaceOrientationPortrait UIInterfaceOrientationLandscapeLeft UIInterfaceOrientationLandscapeRight";
				LD_RUNPATH_SEARCH_PATHS = (
					"$(inherited)",
					"@executable_path/Frameworks",
				);
				MARKETING_VERSION = 1.0;
				PRODUCT_BUNDLE_IDENTIFIER = ivanmagda.Scrumdinger;
				PRODUCT_NAME = "$(TARGET_NAME)";
				SWIFT_EMIT_LOC_STRINGS = YES;
				SWIFT_VERSION = 5.0;
				TARGETED_DEVICE_FAMILY = "1,2";
			};
			name = Release;
		};
/* End XCBuildConfiguration section */

/* Begin XCConfigurationList section */
		CE0D529B2CDB3CA6005034F8 /* Build configuration list for PBXProject "Scrumdinger" */ = {
			isa = XCConfigurationList;
			buildConfigurations = (
				CE0D52AC2CDB3CA8005034F8 /* Debug */,
				CE0D52AD2CDB3CA8005034F8 /* Release */,
			);
			defaultConfigurationIsVisible = 0;
			defaultConfigurationName = Release;
		};
		CE0D52AE2CDB3CA8005034F8 /* Build configuration list for PBXNativeTarget "Scrumdinger" */ = {
			isa = XCConfigurationList;
			buildConfigurations = (
				CE0D52AF2CDB3CA8005034F8 /* Debug */,
				CE0D52B02CDB3CA8005034F8 /* Release */,
			);
			defaultConfigurationIsVisible = 0;
			defaultConfigurationName = Release;
		};
/* End XCConfigurationList section */
	};
	rootObject = CE0D52982CDB3CA6005034F8 /* Project object */;
}
